{
    "beberlei/assert": {
        "version": "v2.9.5"
    },
    "broadway/broadway": {
        "version": "2.0.1"
    },
    "broadway/uuid-generator": {
        "version": "0.4.0"
    },
    "paragonie/random_compat": {
        "version": "v2.0.15"
    },
    "ramsey/uuid": {
        "version": "3.7.3"
    },
    "symfony/flex": {
        "version": "1.0",
        "recipe": {
            "repo": "github.com/symfony/recipes",
            "branch": "master",
            "version": "1.0",
            "ref": "e921bdbfe20cdefa3b82f379d1cd36df1bc8d115"
        }
    }
}
